// !$*UTF8*$!
{
	archiveVersion = 1;
	classes = {
	};
	objectVersion = 70;
	objects = {

/* Begin PBXBuildFile section */
		E823BA192D84D1B10069B1BD /* Auth in Frameworks */ = {isa = PBXBuildFile; productRef = E823BA182D84D1B10069B1BD /* Auth */; };
		E823BA1B2D84D1B10069B1BD /* Functions in Frameworks */ = {isa = PBXBuildFile; productRef = E823BA1A2D84D1B10069B1BD /* Functions */; };
		E823BA1D2D84D1B10069B1BD /* PostgREST in Frameworks */ = {isa = PBXBuildFile; productRef = E823BA1C2D84D1B10069B1BD /* PostgREST */; };
		E823BA1F2D84D1B10069B1BD /* Realtime in Frameworks */ = {isa = PBXBuildFile; productRef = E823BA1E2D84D1B10069B1BD /* Realtime */; };
		E823BA212D84D1B10069B1BD /* Storage in Frameworks */ = {isa = PBXBuildFile; productRef = E823BA202D84D1B10069B1BD /* Storage */; };
		E823BA232D84D1B10069B1BD /* Supabase in Frameworks */ = {isa = PBXBuildFile; productRef = E823BA222D84D1B10069B1BD /* Supabase */; };
		E8783F372D6241C2008604C0 /* TZChangeLanguage in Frameworks */ = {isa = PBXBuildFile; productRef = E8783F362D6241C2008604C0 /* TZChangeLanguage */; };
		E8958F8F2D624296002DC439 /* Alamofire in Frameworks */ = {isa = PBXBuildFile; productRef = E8958F8E2D624296002DC439 /* Alamofire */; };
		E8E194962D6241900018594E /* IQKeyboardManagerSwift in Frameworks */ = {isa = PBXBuildFile; productRef = E8E194952D6241900018594E /* IQKeyboardManagerSwift */; };
		E8F431812D6242020070E211 /* TrianglzOTPView in Frameworks */ = {isa = PBXBuildFile; productRef = E8F431802D6242020070E211 /* TrianglzOTPView */; };
/* End PBXBuildFile section */

/* Begin PBXFileReference section */
		E8AA02592D6240620095D2C3 /* My Farm.app */ = {isa = PBXFileReference; explicitFileType = wrapper.application; includeInIndex = 0; path = "My Farm.app"; sourceTree = BUILT_PRODUCTS_DIR; };
/* End PBXFileReference section */

/* Begin PBXFileSystemSynchronizedRootGroup section */
		E8AA025B2D6240620095D2C3 /* My Farm */ = {isa = PBXFileSystemSynchronizedRootGroup; explicitFileTypes = {}; explicitFolders = (); path = "My Farm"; sourceTree = "<group>"; };
/* End PBXFileSystemSynchronizedRootGroup section */

/* Begin PBXFrameworksBuildPhase section */
		E8AA02562D6240620095D2C3 /* Frameworks */ = {
			isa = PBXFrameworksBuildPhase;
			buildActionMask = 2147483647;
			files = (
				E823BA232D84D1B10069B1BD /* Supabase in Frameworks */,
				E823BA1B2D84D1B10069B1BD /* Functions in Frameworks */,
				E8F431812D6242020070E211 /* TrianglzOTPView in Frameworks */,
				E823BA1D2D84D1B10069B1BD /* PostgREST in Frameworks */,
				E823BA1F2D84D1B10069B1BD /* Realtime in Frameworks */,
				E8958F8F2D624296002DC439 /* Alamofire in Frameworks */,
				E8783F372D6241C2008604C0 /* TZChangeLanguage in Frameworks */,
				E823BA212D84D1B10069B1BD /* Storage in Frameworks */,
				E823BA192D84D1B10069B1BD /* Auth in Frameworks */,
				E8E194962D6241900018594E /* IQKeyboardManagerSwift in Frameworks */,
			);
			runOnlyForDeploymentPostprocessing = 0;
		};
/* End PBXFrameworksBuildPhase section */

/* Begin PBXGroup section */
		E8AA02502D6240620095D2C3 = {
			isa = PBXGroup;
			children = (
				E8AA025B2D6240620095D2C3 /* My Farm */,
				E8AA025A2D6240620095D2C3 /* Products */,
			);
			sourceTree = "<group>";
		};
		E8AA025A2D6240620095D2C3 /* Products */ = {
			isa = PBXGroup;
			children = (
				E8AA02592D6240620095D2C3 /* My Farm.app */,
			);
			name = Products;
			sourceTree = "<group>";
		};
/* End PBXGroup section */

/* Begin PBXNativeTarget section */
		E8AA02582D6240620095D2C3 /* My Farm */ = {
			isa = PBXNativeTarget;
			buildConfigurationList = E8AA02672D6240640095D2C3 /* Build configuration list for PBXNativeTarget "My Farm" */;
			buildPhases = (
				E8AA02552D6240620095D2C3 /* Sources */,
				E8AA02562D6240620095D2C3 /* Frameworks */,
				E8AA02572D6240620095D2C3 /* Resources */,
			);
			buildRules = (
			);
			dependencies = (
			);
			fileSystemSynchronizedGroups = (
				E8AA025B2D6240620095D2C3 /* My Farm */,
			);
			name = "My Farm";
			packageProductDependencies = (
				E8E194952D6241900018594E /* IQKeyboardManagerSwift */,
				E8783F362D6241C2008604C0 /* TZChangeLanguage */,
				E8F431802D6242020070E211 /* TrianglzOTPView */,
				E8958F8E2D624296002DC439 /* Alamofire */,
				E823BA182D84D1B10069B1BD /* Auth */,
				E823BA1A2D84D1B10069B1BD /* Functions */,
				E823BA1C2D84D1B10069B1BD /* PostgREST */,
				E823BA1E2D84D1B10069B1BD /* Realtime */,
				E823BA202D84D1B10069B1BD /* Storage */,
				E823BA222D84D1B10069B1BD /* Supabase */,
			);
			productName = "My Farm";
			productReference = E8AA02592D6240620095D2C3 /* My Farm.app */;
			productType = "com.apple.product-type.application";
		};
/* End PBXNativeTarget section */

/* Begin PBXProject section */
		E8AA02512D6240620095D2C3 /* Project object */ = {
			isa = PBXProject;
			attributes = {
				BuildIndependentTargetsInParallel = 1;
				LastSwiftUpdateCheck = 1620;
				LastUpgradeCheck = 1620;
				TargetAttributes = {
					E8AA02582D6240620095D2C3 = {
						CreatedOnToolsVersion = 16.2;
					};
				};
			};
			buildConfigurationList = E8AA02542D6240620095D2C3 /* Build configuration list for PBXProject "My Farm" */;
			compatibilityVersion = "Xcode 12.0";
			developmentRegion = en;
			hasScannedForEncodings = 0;
			knownRegions = (
				en,
				Base,
			);
			mainGroup = E8AA02502D6240620095D2C3;
			minimizedProjectReferenceProxies = 1;
			packageReferences = (
				E8E194942D6241900018594E /* XCRemoteSwiftPackageReference "IQKeyboardManager" */,
				E8783F352D6241C2008604C0 /* XCRemoteSwiftPackageReference "TZChangeLanguage" */,
				E8F4317F2D6242020070E211 /* XCRemoteSwiftPackageReference "TrianglZOTPView" */,
				E8958F8D2D624296002DC439 /* XCRemoteSwiftPackageReference "Alamofire" */,
				E823BA172D84D1B10069B1BD /* XCRemoteSwiftPackageReference "supabase-swift" */,
			);
			productRefGroup = E8AA025A2D6240620095D2C3 /* Products */;
			projectDirPath = "";
			projectRoot = "";
			targets = (
				E8AA02582D6240620095D2C3 /* My Farm */,
			);
		};
/* End PBXProject section */

/* Begin PBXResourcesBuildPhase section */
		E8AA02572D6240620095D2C3 /* Resources */ = {
			isa = PBXResourcesBuildPhase;
			buildActionMask = 2147483647;
			files = (
			);
			runOnlyForDeploymentPostprocessing = 0;
		};
/* End PBXResourcesBuildPhase section */

/* Begin PBXSourcesBuildPhase section */
		E8AA02552D6240620095D2C3 /* Sources */ = {
			isa = PBXSourcesBuildPhase;
			buildActionMask = 2147483647;
			files = (
			);
			runOnlyForDeploymentPostprocessing = 0;
		};
/* End PBXSourcesBuildPhase section */

/* Begin XCBuildConfiguration section */
		E8AA02652D6240640095D2C3 /* Debug */ = {
			isa = XCBuildConfiguration;
			buildSettings = {
				ALWAYS_SEARCH_USER_PATHS = NO;
				ASSETCATALOG_COMPILER_GENERATE_SWIFT_ASSET_SYMBOL_EXTENSIONS = YES;
				CLANG_ANALYZER_NONNULL = YES;
				CLANG_ANALYZER_NUMBER_OBJECT_CONVERSION = YES_AGGRESSIVE;
				CLANG_CXX_LANGUAGE_STANDARD = "gnu++20";
				CLANG_ENABLE_MODULES = YES;
				CLANG_ENABLE_OBJC_ARC = YES;
				CLANG_ENABLE_OBJC_WEAK = YES;
				CLANG_WARN_BLOCK_CAPTURE_AUTORELEASING = YES;
				CLANG_WARN_BOOL_CONVERSION = YES;
				CLANG_WARN_COMMA = YES;
				CLANG_WARN_CONSTANT_CONVERSION = YES;
				CLANG_WARN_DEPRECATED_OBJC_IMPLEMENTATIONS = YES;
				CLANG_WARN_DIRECT_OBJC_ISA_USAGE = YES_ERROR;
				CLANG_WARN_DOCUMENTATION_COMMENTS = YES;
				CLANG_WARN_EMPTY_BODY = YES;
				CLANG_WARN_ENUM_CONVERSION = YES;
				CLANG_WARN_INFINITE_RECURSION = YES;
				CLANG_WARN_INT_CONVERSION = YES;
				CLANG_WARN_NON_LITERAL_NULL_CONVERSION = YES;
				CLANG_WARN_OBJC_IMPLICIT_RETAIN_SELF = YES;
				CLANG_WARN_OBJC_LITERAL_CONVERSION = YES;
				CLANG_WARN_OBJC_ROOT_CLASS = YES_ERROR;
				CLANG_WARN_QUOTED_INCLUDE_IN_FRAMEWORK_HEADER = YES;
				CLANG_WARN_RANGE_LOOP_ANALYSIS = YES;
				CLANG_WARN_STRICT_PROTOTYPES = YES;
				CLANG_WARN_SUSPICIOUS_MOVE = YES;
				CLANG_WARN_UNGUARDED_AVAILABILITY = YES_AGGRESSIVE;
				CLANG_WARN_UNREACHABLE_CODE = YES;
				CLANG_WARN__DUPLICATE_METHOD_MATCH = YES;
				COPY_PHASE_STRIP = NO;
				DEBUG_INFORMATION_FORMAT = dwarf;
				ENABLE_STRICT_OBJC_MSGSEND = YES;
				ENABLE_TESTABILITY = YES;
				ENABLE_USER_SCRIPT_SANDBOXING = YES;
				GCC_C_LANGUAGE_STANDARD = gnu17;
				GCC_DYNAMIC_NO_PIC = NO;
				GCC_NO_COMMON_BLOCKS = YES;
				GCC_OPTIMIZATION_LEVEL = 0;
				GCC_PREPROCESSOR_DEFINITIONS = (
					"DEBUG=1",
					"$(inherited)",
				);
				GCC_WARN_64_TO_32_BIT_CONVERSION = YES;
				GCC_WARN_ABOUT_RETURN_TYPE = YES_ERROR;
				GCC_WARN_UNDECLARED_SELECTOR = YES;
				GCC_WARN_UNINITIALIZED_AUTOS = YES_AGGRESSIVE;
				GCC_WARN_UNUSED_FUNCTION = YES;
				GCC_WARN_UNUSED_VARIABLE = YES;
				IPHONEOS_DEPLOYMENT_TARGET = 18.2;
				LOCALIZATION_PREFERS_STRING_CATALOGS = YES;
				MTL_ENABLE_DEBUG_INFO = INCLUDE_SOURCE;
				MTL_FAST_MATH = YES;
				ONLY_ACTIVE_ARCH = YES;
				SDKROOT = iphoneos;
				SWIFT_ACTIVE_COMPILATION_CONDITIONS = "DEBUG $(inherited)";
				SWIFT_OPTIMIZATION_LEVEL = "-Onone";
			};
			name = Debug;
		};
		E8AA02662D6240640095D2C3 /* Release */ = {
			isa = XCBuildConfiguration;
			buildSettings = {
				ALWAYS_SEARCH_USER_PATHS = NO;
				ASSETCATALOG_COMPILER_GENERATE_SWIFT_ASSET_SYMBOL_EXTENSIONS = YES;
				CLANG_ANALYZER_NONNULL = YES;
				CLANG_ANALYZER_NUMBER_OBJECT_CONVERSION = YES_AGGRESSIVE;
				CLANG_CXX_LANGUAGE_STANDARD = "gnu++20";
				CLANG_ENABLE_MODULES = YES;
				CLANG_ENABLE_OBJC_ARC = YES;
				CLANG_ENABLE_OBJC_WEAK = YES;
				CLANG_WARN_BLOCK_CAPTURE_AUTORELEASING = YES;
				CLANG_WARN_BOOL_CONVERSION = YES;
				CLANG_WARN_COMMA = YES;
				CLANG_WARN_CONSTANT_CONVERSION = YES;
				CLANG_WARN_DEPRECATED_OBJC_IMPLEMENTATIONS = YES;
				CLANG_WARN_DIRECT_OBJC_ISA_USAGE = YES_ERROR;
				CLANG_WARN_DOCUMENTATION_COMMENTS = YES;
				CLANG_WARN_EMPTY_BODY = YES;
				CLANG_WARN_ENUM_CONVERSION = YES;
				CLANG_WARN_INFINITE_RECURSION = YES;
				CLANG_WARN_INT_CONVERSION = YES;
				CLANG_WARN_NON_LITERAL_NULL_CONVERSION = YES;
				CLANG_WARN_OBJC_IMPLICIT_RETAIN_SELF = YES;
				CLANG_WARN_OBJC_LITERAL_CONVERSION = YES;
				CLANG_WARN_OBJC_ROOT_CLASS = YES_ERROR;
				CLANG_WARN_QUOTED_INCLUDE_IN_FRAMEWORK_HEADER = YES;
				CLANG_WARN_RANGE_LOOP_ANALYSIS = YES;
				CLANG_WARN_STRICT_PROTOTYPES = YES;
				CLANG_WARN_SUSPICIOUS_MOVE = YES;
				CLANG_WARN_UNGUARDED_AVAILABILITY = YES_AGGRESSIVE;
				CLANG_WARN_UNREACHABLE_CODE = YES;
				CLANG_WARN__DUPLICATE_METHOD_MATCH = YES;
				COPY_PHASE_STRIP = NO;
				DEBUG_INFORMATION_FORMAT = "dwarf-with-dsym";
				ENABLE_NS_ASSERTIONS = NO;
				ENABLE_STRICT_OBJC_MSGSEND = YES;
				ENABLE_USER_SCRIPT_SANDBOXING = YES;
				GCC_C_LANGUAGE_STANDARD = gnu17;
				GCC_NO_COMMON_BLOCKS = YES;
				GCC_WARN_64_TO_32_BIT_CONVERSION = YES;
				GCC_WARN_ABOUT_RETURN_TYPE = YES_ERROR;
				GCC_WARN_UNDECLARED_SELECTOR = YES;
				GCC_WARN_UNINITIALIZED_AUTOS = YES_AGGRESSIVE;
				GCC_WARN_UNUSED_FUNCTION = YES;
				GCC_WARN_UNUSED_VARIABLE = YES;
				IPHONEOS_DEPLOYMENT_TARGET = 18.2;
				LOCALIZATION_PREFERS_STRING_CATALOGS = YES;
				MTL_ENABLE_DEBUG_INFO = NO;
				MTL_FAST_MATH = YES;
				SDKROOT = iphoneos;
				SWIFT_COMPILATION_MODE = wholemodule;
				VALIDATE_PRODUCT = YES;
			};
			name = Release;
		};
		E8AA02682D6240640095D2C3 /* Debug */ = {
			isa = XCBuildConfiguration;
			buildSettings = {
				ASSETCATALOG_COMPILER_APPICON_NAME = AppIcon;
				ASSETCATALOG_COMPILER_GLOBAL_ACCENT_COLOR_NAME = AccentColor;
				CODE_SIGN_STYLE = Automatic;
				CURRENT_PROJECT_VERSION = 1;
				DEVELOPMENT_ASSET_PATHS = "\"My Farm/Preview Content\"";
				DEVELOPMENT_TEAM = YX66ZU7AY8;
				ENABLE_PREVIEWS = YES;
				GENERATE_INFOPLIST_FILE = YES;
				INFOPLIST_FILE = "My-Farm-Info.plist";
				INFOPLIST_KEY_NSLocationWhenInUseUsageDescription = "We need your location to provide accurate weather information for your farm.";
				INFOPLIST_KEY_UIApplicationSceneManifest_Generation = YES;
				INFOPLIST_KEY_UIApplicationSupportsIndirectInputEvents = YES;
				INFOPLIST_KEY_UILaunchScreen_Generation = YES;
				INFOPLIST_KEY_UISupportedInterfaceOrientations_iPad = "UIInterfaceOrientationPortrait UIInterfaceOrientationPortraitUpsideDown UIInterfaceOrientationLandscapeLeft UIInterfaceOrientationLandscapeRight";
				INFOPLIST_KEY_UISupportedInterfaceOrientations_iPhone = "UIInterfaceOrientationPortrait UIInterfaceOrientationLandscapeLeft UIInterfaceOrientationLandscapeRight";
				IPHONEOS_DEPLOYMENT_TARGET = 16.6;
				LD_RUNPATH_SEARCH_PATHS = (
					"$(inherited)",
					"@executable_path/Frameworks",
				);
				MARKETING_VERSION = 1.0;
				PRODUCT_BUNDLE_IDENTIFIER = "com.mazen.My-Farm";
				PRODUCT_NAME = "$(TARGET_NAME)";
				SWIFT_EMIT_LOC_STRINGS = YES;
				SWIFT_VERSION = 5.0;
				TARGETED_DEVICE_FAMILY = "1,2";
			};
			name = Debug;
		};
		E8AA02692D6240640095D2C3 /* Release */ = {
			isa = XCBuildConfiguration;
			buildSettings = {
				ASSETCATALOG_COMPILER_APPICON_NAME = AppIcon;
				ASSETCATALOG_COMPILER_GLOBAL_ACCENT_COLOR_NAME = AccentColor;
				CODE_SIGN_STYLE = Automatic;
				CURRENT_PROJECT_VERSION = 1;
				DEVELOPMENT_ASSET_PATHS = "\"My Farm/Preview Content\"";
				DEVELOPMENT_TEAM = YX66ZU7AY8;
				ENABLE_PREVIEWS = YES;
				GENERATE_INFOPLIST_FILE = YES;
				INFOPLIST_FILE = "My-Farm-Info.plist";
				INFOPLIST_KEY_NSLocationWhenInUseUsageDescription = "We need your location to provide accurate weather information for your farm.";
				INFOPLIST_KEY_UIApplicationSceneManifest_Generation = YES;
				INFOPLIST_KEY_UIApplicationSupportsIndirectInputEvents = YES;
				INFOPLIST_KEY_UILaunchScreen_Generation = YES;
				INFOPLIST_KEY_UISupportedInterfaceOrientations_iPad = "UIInterfaceOrientationPortrait UIInterfaceOrientationPortraitUpsideDown UIInterfaceOrientationLandscapeLeft UIInterfaceOrientationLandscapeRight";
				INFOPLIST_KEY_UISupportedInterfaceOrientations_iPhone = "UIInterfaceOrientationPortrait UIInterfaceOrientationLandscapeLeft UIInterfaceOrientationLandscapeRight";
				IPHONEOS_DEPLOYMENT_TARGET = 16.6;
				LD_RUNPATH_SEARCH_PATHS = (
					"$(inherited)",
					"@executable_path/Frameworks",
				);
				MARKETING_VERSION = 1.0;
				PRODUCT_BUNDLE_IDENTIFIER = "com.mazen.My-Farm";
				PRODUCT_NAME = "$(TARGET_NAME)";
				SWIFT_EMIT_LOC_STRINGS = YES;
				SWIFT_VERSION = 5.0;
				TARGETED_DEVICE_FAMILY = "1,2";
			};
			name = Release;
		};
/* End XCBuildConfiguration section */

/* Begin XCConfigurationList section */
		E8AA02542D6240620095D2C3 /* Build configuration list for PBXProject "My Farm" */ = {
			isa = XCConfigurationList;
			buildConfigurations = (
				E8AA02652D6240640095D2C3 /* Debug */,
				E8AA02662D6240640095D2C3 /* Release */,
			);
			defaultConfigurationIsVisible = 0;
			defaultConfigurationName = Release;
		};
		E8AA02672D6240640095D2C3 /* Build configuration list for PBXNativeTarget "My Farm" */ = {
			isa = XCConfigurationList;
			buildConfigurations = (
				E8AA02682D6240640095D2C3 /* Debug */,
				E8AA02692D6240640095D2C3 /* Release */,
			);
			defaultConfigurationIsVisible = 0;
			defaultConfigurationName = Release;
		};
/* End XCConfigurationList section */

/* Begin XCRemoteSwiftPackageReference section */
		E823BA172D84D1B10069B1BD /* XCRemoteSwiftPackageReference "supabase-swift" */ = {
			isa = XCRemoteSwiftPackageReference;
			repositoryURL = "https://github.com/supabase/supabase-swift.git";
			requirement = {
				kind = upToNextMajorVersion;
				minimumVersion = 2.5.1;
			};
		};
		E8783F352D6241C2008604C0 /* XCRemoteSwiftPackageReference "TZChangeLanguage" */ = {
			isa = XCRemoteSwiftPackageReference;
			repositoryURL = "https://github.com/TrianglZ/TZChangeLanguage";
			requirement = {
				kind = upToNextMajorVersion;
				minimumVersion = 1.0.0;
			};
		};
		E8958F8D2D624296002DC439 /* XCRemoteSwiftPackageReference "Alamofire" */ = {
			isa = XCRemoteSwiftPackageReference;
			repositoryURL = "https://github.com/Alamofire/Alamofire";
			requirement = {
				kind = upToNextMajorVersion;
				minimumVersion = 5.10.2;
			};
		};
		E8E194942D6241900018594E /* XCRemoteSwiftPackageReference "IQKeyboardManager" */ = {
			isa = XCRemoteSwiftPackageReference;
			repositoryURL = "https://github.com/hackiftekhar/IQKeyboardManager.git";
			requirement = {
				kind = upToNextMajorVersion;
				minimumVersion = 8.0.0;
			};
		};
		E8F4317F2D6242020070E211 /* XCRemoteSwiftPackageReference "TrianglZOTPView" */ = {
			isa = XCRemoteSwiftPackageReference;
			repositoryURL = "https://github.com/TrianglZ/TrianglZOTPView";
			requirement = {
				branch = main;
				kind = branch;
			};
		};
/* End XCRemoteSwiftPackageReference section */

/* Begin XCSwiftPackageProductDependency section */
		E823BA182D84D1B10069B1BD /* Auth */ = {
			isa = XCSwiftPackageProductDependency;
			package = E823BA172D84D1B10069B1BD /* XCRemoteSwiftPackageReference "supabase-swift" */;
			productName = Auth;
		};
		E823BA1A2D84D1B10069B1BD /* Functions */ = {
			isa = XCSwiftPackageProductDependency;
			package = E823BA172D84D1B10069B1BD /* XCRemoteSwiftPackageReference "supabase-swift" */;
			productName = Functions;
		};
		E823BA1C2D84D1B10069B1BD /* PostgREST */ = {
			isa = XCSwiftPackageProductDependency;
			package = E823BA172D84D1B10069B1BD /* XCRemoteSwiftPackageReference "supabase-swift" */;
			productName = PostgREST;
		};
		E823BA1E2D84D1B10069B1BD /* Realtime */ = {
			isa = XCSwiftPackageProductDependency;
			package = E823BA172D84D1B10069B1BD /* XCRemoteSwiftPackageReference "supabase-swift" */;
			productName = Realtime;
		};
		E823BA202D84D1B10069B1BD /* Storage */ = {
			isa = XCSwiftPackageProductDependency;
			package = E823BA172D84D1B10069B1BD /* XCRemoteSwiftPackageReference "supabase-swift" */;
			productName = Storage;
		};
		E823BA222D84D1B10069B1BD /* Supabase */ = {
			isa = XCSwiftPackageProductDependency;
			package = E823BA172D84D1B10069B1BD /* XCRemoteSwiftPackageReference "supabase-swift" */;
			productName = Supabase;
		};
		E8783F362D6241C2008604C0 /* TZChangeLanguage */ = {
			isa = XCSwiftPackageProductDependency;
			package = E8783F352D6241C2008604C0 /* XCRemoteSwiftPackageReference "TZChangeLanguage" */;
			productName = TZChangeLanguage;
		};
		E8958F8E2D624296002DC439 /* Alamofire */ = {
			isa = XCSwiftPackageProductDependency;
			package = E8958F8D2D624296002DC439 /* XCRemoteSwiftPackageReference "Alamofire" */;
			productName = Alamofire;
		};
		E8E194952D6241900018594E /* IQKeyboardManagerSwift */ = {
			isa = XCSwiftPackageProductDependency;
			package = E8E194942D6241900018594E /* XCRemoteSwiftPackageReference "IQKeyboardManager" */;
			productName = IQKeyboardManagerSwift;
		};
		E8F431802D6242020070E211 /* TrianglzOTPView */ = {
			isa = XCSwiftPackageProductDependency;
			package = E8F4317F2D6242020070E211 /* XCRemoteSwiftPackageReference "TrianglZOTPView" */;
			productName = TrianglzOTPView;
		};
/* End XCSwiftPackageProductDependency section */
	};
	rootObject = E8AA02512D6240620095D2C3 /* Project object */;
}
